
Microsoft Visual Studio Solution File, Format Version 12.00
# Visual Studio Version 17
VisualStudioVersion = 17.4.33403.182
MinimumVisualStudioVersion = 10.0.40219.1
Project("{9A19103F-16F7-4668-BE54-9A1E7A4F7556}") = "Chat.Api", "ChatProject\Chat.Api.csproj", "{A2E7F53C-6271-44EF-901A-63091F14BA9A}"
EndProject
Project("{9A19103F-16F7-4668-BE54-9A1E7A4F7556}") = "Chat.Domain", "Chat.Domain\Chat.Domain.csproj", "{D4053CAB-071D-41B7-BC31-9296F9B2CE25}"
EndProject
Project("{9A19103F-16F7-4668-BE54-9A1E7A4F7556}") = "Chat.Infrastructure", "Chat.Infrastructure\Chat.Infrastructure.csproj", "{ECA0B33A-5022-411C-8475-50C9BA1E1A7A}"
EndProject
Project("{9A19103F-16F7-4668-BE54-9A1E7A4F7556}") = "Chat.Application", "Chat.Application\Chat.Application.csproj", "{E4E57954-C9BE-47B4-815A-181B33F974BF}"
EndProject
Global
	GlobalSection(SolutionConfigurationPlatforms) = preSolution
		Debug|Any CPU = Debug|Any CPU
		Release|Any CPU = Release|Any CPU
	EndGlobalSection
	GlobalSection(ProjectConfigurationPlatforms) = postSolution
		{A2E7F53C-6271-44EF-901A-63091F14BA9A}.Debug|Any CPU.ActiveCfg = Debug|Any CPU
		{A2E7F53C-6271-44EF-901A-63091F14BA9A}.Debug|Any CPU.Build.0 = Debug|Any CPU
		{A2E7F53C-6271-44EF-901A-63091F14BA9A}.Release|Any CPU.ActiveCfg = Release|Any CPU
		{A2E7F53C-6271-44EF-901A-63091F14BA9A}.Release|Any CPU.Build.0 = Release|Any CPU
		{D4053CAB-071D-41B7-BC31-9296F9B2CE25}.Debug|Any CPU.ActiveCfg = Debug|Any CPU
		{D4053CAB-071D-41B7-BC31-9296F9B2CE25}.Debug|Any CPU.Build.0 = Debug|Any CPU
		{D4053CAB-071D-41B7-BC31-9296F9B2CE25}.Release|Any CPU.ActiveCfg = Release|Any CPU
		{D4053CAB-071D-41B7-BC31-9296F9B2CE25}.Release|Any CPU.Build.0 = Release|Any CPU
		{ECA0B33A-5022-411C-8475-50C9BA1E1A7A}.Debug|Any CPU.ActiveCfg = Debug|Any CPU
		{ECA0B33A-5022-411C-8475-50C9BA1E1A7A}.Debug|Any CPU.Build.0 = Debug|Any CPU
		{ECA0B33A-5022-411C-8475-50C9BA1E1A7A}.Release|Any CPU.ActiveCfg = Release|Any CPU
		{ECA0B33A-5022-411C-8475-50C9BA1E1A7A}.Release|Any CPU.Build.0 = Release|Any CPU
		{E4E57954-C9BE-47B4-815A-181B33F974BF}.Debug|Any CPU.ActiveCfg = Debug|Any CPU
		{E4E57954-C9BE-47B4-815A-181B33F974BF}.Debug|Any CPU.Build.0 = Debug|Any CPU
		{E4E57954-C9BE-47B4-815A-181B33F974BF}.Release|Any CPU.ActiveCfg = Release|Any CPU
		{E4E57954-C9BE-47B4-815A-181B33F974BF}.Release|Any CPU.Build.0 = Release|Any CPU
	EndGlobalSection
	GlobalSection(SolutionProperties) = preSolution
		HideSolutionNode = FALSE
	EndGlobalSection
	GlobalSection(ExtensibilityGlobals) = postSolution
		SolutionGuid = {B5FC159A-B777-470E-81A1-A277821EBDE7}
	EndGlobalSection
EndGlobal
